
Microsoft Visual Studio Solution File, Format Version 12.00
# Visual Studio Version 16
VisualStudioVersion = 16.0.31624.102
MinimumVisualStudioVersion = 10.0.40219.1
Project("{FAE04EC0-301F-11D3-BF4B-00C04F79EFBC}") = "Chap_4_Ex7", "Chap_4_Ex7.csproj", "{26422786-E6E4-41AD-BF4F-237D622755CC}"
EndProject
Global
	GlobalSection(SolutionConfigurationPlatforms) = preSolution
		Debug|Any CPU = Debug|Any CPU
		Release|Any CPU = Release|Any CPU
	EndGlobalSection
	GlobalSection(ProjectConfigurationPlatforms) = postSolution
		{26422786-E6E4-41AD-BF4F-237D622755CC}.Debug|Any CPU.ActiveCfg = Debug|Any CPU
		{26422786-E6E4-41AD-BF4F-237D622755CC}.Debug|Any CPU.Build.0 = Debug|Any CPU
		{26422786-E6E4-41AD-BF4F-237D622755CC}.Release|Any CPU.ActiveCfg = Release|Any CPU
		{26422786-E6E4-41AD-BF4F-237D622755CC}.Release|Any CPU.Build.0 = Release|Any CPU
	EndGlobalSection
	GlobalSection(SolutionProperties) = preSolution
		HideSolutionNode = FALSE
	EndGlobalSection
	GlobalSection(ExtensibilityGlobals) = postSolution
		SolutionGuid = {FFA5BBBC-BA5A-4A12-9347-F4E311F2E052}
	EndGlobalSection
EndGlobal
