
Microsoft Visual Studio Solution File, Format Version 12.00
# Visual Studio Version 16
VisualStudioVersion = 16.0.31624.102
MinimumVisualStudioVersion = 10.0.40219.1
Project("{FAE04EC0-301F-11D3-BF4B-00C04F79EFBC}") = "EmployeePayTakehome", "EmployeePayTakehome.csproj", "{29232DA9-A47C-4F4D-AED1-EF7FC3F304B9}"
EndProject
Global
	GlobalSection(SolutionConfigurationPlatforms) = preSolution
		Debug|Any CPU = Debug|Any CPU
		Release|Any CPU = Release|Any CPU
	EndGlobalSection
	GlobalSection(ProjectConfigurationPlatforms) = postSolution
		{29232DA9-A47C-4F4D-AED1-EF7FC3F304B9}.Debug|Any CPU.ActiveCfg = Debug|Any CPU
		{29232DA9-A47C-4F4D-AED1-EF7FC3F304B9}.Debug|Any CPU.Build.0 = Debug|Any CPU
		{29232DA9-A47C-4F4D-AED1-EF7FC3F304B9}.Release|Any CPU.ActiveCfg = Release|Any CPU
		{29232DA9-A47C-4F4D-AED1-EF7FC3F304B9}.Release|Any CPU.Build.0 = Release|Any CPU
	EndGlobalSection
	GlobalSection(SolutionProperties) = preSolution
		HideSolutionNode = FALSE
	EndGlobalSection
	GlobalSection(ExtensibilityGlobals) = postSolution
		SolutionGuid = {6CED2099-2598-4C3F-8872-72D35CCC4A01}
	EndGlobalSection
EndGlobal
