
Microsoft Visual Studio Solution File, Format Version 12.00
# Visual Studio Version 16
VisualStudioVersion = 16.0.31624.102
MinimumVisualStudioVersion = 10.0.40219.1
Project("{FAE04EC0-301F-11D3-BF4B-00C04F79EFBC}") = "Problem6TKS", "Problem6TKS.csproj", "{6DFAB771-38BF-43CC-9983-85D417B4C6CC}"
EndProject
Global
	GlobalSection(SolutionConfigurationPlatforms) = preSolution
		Debug|Any CPU = Debug|Any CPU
		Release|Any CPU = Release|Any CPU
	EndGlobalSection
	GlobalSection(ProjectConfigurationPlatforms) = postSolution
		{6DFAB771-38BF-43CC-9983-85D417B4C6CC}.Debug|Any CPU.ActiveCfg = Debug|Any CPU
		{6DFAB771-38BF-43CC-9983-85D417B4C6CC}.Debug|Any CPU.Build.0 = Debug|Any CPU
		{6DFAB771-38BF-43CC-9983-85D417B4C6CC}.Release|Any CPU.ActiveCfg = Release|Any CPU
		{6DFAB771-38BF-43CC-9983-85D417B4C6CC}.Release|Any CPU.Build.0 = Release|Any CPU
	EndGlobalSection
	GlobalSection(SolutionProperties) = preSolution
		HideSolutionNode = FALSE
	EndGlobalSection
	GlobalSection(ExtensibilityGlobals) = postSolution
		SolutionGuid = {818B8DA5-FB39-4BCD-8EEF-026E8B8FC54A}
	EndGlobalSection
EndGlobal
