
Microsoft Visual Studio Solution File, Format Version 12.00
# Visual Studio Version 16
VisualStudioVersion = 16.0.31624.102
MinimumVisualStudioVersion = 10.0.40219.1
Project("{FAE04EC0-301F-11D3-BF4B-00C04F79EFBC}") = "DrawRectangle", "DrawRectangle.csproj", "{7518D111-7635-4C49-BB7D-F69F8377C0CE}"
EndProject
Global
	GlobalSection(SolutionConfigurationPlatforms) = preSolution
		Debug|Any CPU = Debug|Any CPU
		Release|Any CPU = Release|Any CPU
	EndGlobalSection
	GlobalSection(ProjectConfigurationPlatforms) = postSolution
		{7518D111-7635-4C49-BB7D-F69F8377C0CE}.Debug|Any CPU.ActiveCfg = Debug|Any CPU
		{7518D111-7635-4C49-BB7D-F69F8377C0CE}.Debug|Any CPU.Build.0 = Debug|Any CPU
		{7518D111-7635-4C49-BB7D-F69F8377C0CE}.Release|Any CPU.ActiveCfg = Release|Any CPU
		{7518D111-7635-4C49-BB7D-F69F8377C0CE}.Release|Any CPU.Build.0 = Release|Any CPU
	EndGlobalSection
	GlobalSection(SolutionProperties) = preSolution
		HideSolutionNode = FALSE
	EndGlobalSection
	GlobalSection(ExtensibilityGlobals) = postSolution
		SolutionGuid = {D6F1AEF3-E80A-4954-A27B-F9530BC69F04}
	EndGlobalSection
EndGlobal
