
Microsoft Visual Studio Solution File, Format Version 12.00
# Visual Studio Version 16
VisualStudioVersion = 16.0.31624.102
MinimumVisualStudioVersion = 10.0.40219.1
Project("{FAE04EC0-301F-11D3-BF4B-00C04F79EFBC}") = "Ch8Problm6TKS", "Ch8Problm6TKS.csproj", "{97466C54-AC3C-442A-A8F4-A3C0828FC0F2}"
EndProject
Global
	GlobalSection(SolutionConfigurationPlatforms) = preSolution
		Debug|Any CPU = Debug|Any CPU
		Release|Any CPU = Release|Any CPU
	EndGlobalSection
	GlobalSection(ProjectConfigurationPlatforms) = postSolution
		{97466C54-AC3C-442A-A8F4-A3C0828FC0F2}.Debug|Any CPU.ActiveCfg = Debug|Any CPU
		{97466C54-AC3C-442A-A8F4-A3C0828FC0F2}.Debug|Any CPU.Build.0 = Debug|Any CPU
		{97466C54-AC3C-442A-A8F4-A3C0828FC0F2}.Release|Any CPU.ActiveCfg = Release|Any CPU
		{97466C54-AC3C-442A-A8F4-A3C0828FC0F2}.Release|Any CPU.Build.0 = Release|Any CPU
	EndGlobalSection
	GlobalSection(SolutionProperties) = preSolution
		HideSolutionNode = FALSE
	EndGlobalSection
	GlobalSection(ExtensibilityGlobals) = postSolution
		SolutionGuid = {042999EB-1BB8-4DB9-A2A7-5A861B2B3777}
	EndGlobalSection
EndGlobal
