
Microsoft Visual Studio Solution File, Format Version 12.00
# Visual Studio Version 16
VisualStudioVersion = 16.0.31624.102
MinimumVisualStudioVersion = 10.0.40219.1
Project("{FAE04EC0-301F-11D3-BF4B-00C04F79EFBC}") = "Chp5Problem6TKS", "Chp5Problem6TKS.csproj", "{F60688AD-0106-4735-9597-46A21FDAF438}"
EndProject
Global
	GlobalSection(SolutionConfigurationPlatforms) = preSolution
		Debug|Any CPU = Debug|Any CPU
		Release|Any CPU = Release|Any CPU
	EndGlobalSection
	GlobalSection(ProjectConfigurationPlatforms) = postSolution
		{F60688AD-0106-4735-9597-46A21FDAF438}.Debug|Any CPU.ActiveCfg = Debug|Any CPU
		{F60688AD-0106-4735-9597-46A21FDAF438}.Debug|Any CPU.Build.0 = Debug|Any CPU
		{F60688AD-0106-4735-9597-46A21FDAF438}.Release|Any CPU.ActiveCfg = Release|Any CPU
		{F60688AD-0106-4735-9597-46A21FDAF438}.Release|Any CPU.Build.0 = Release|Any CPU
	EndGlobalSection
	GlobalSection(SolutionProperties) = preSolution
		HideSolutionNode = FALSE
	EndGlobalSection
	GlobalSection(ExtensibilityGlobals) = postSolution
		SolutionGuid = {03C1E013-DE68-4FBE-AAEC-9601F5BE2EF2}
	EndGlobalSection
EndGlobal
